// !$*UTF8*$!
{
	archiveVersion = 1;
	classes = {
	};
	objectVersion = 55;
	objects = {

/* Begin PBXBuildFile section */
		CA21935828FDD80200C86FBD /* BreedListViewModel.swift in Sources */ = {isa = PBXBuildFile; fileRef = CA21935728FDD80200C86FBD /* BreedListViewModel.swift */; };
		CA429B5428F80E7200FBF6B8 /* cat-loader.json in Resources */ = {isa = PBXBuildFile; fileRef = CA429B5328F80E7200FBF6B8 /* cat-loader.json */; };
		CA429B5528F80E7200FBF6B8 /* cat-loader.json in Resources */ = {isa = PBXBuildFile; fileRef = CA429B5328F80E7200FBF6B8 /* cat-loader.json */; };
		CA429B5928F878BF00FBF6B8 /* BreedDetailViewController.swift in Sources */ = {isa = PBXBuildFile; fileRef = CA429B5828F878BF00FBF6B8 /* BreedDetailViewController.swift */; };
		CA429B5A28F878BF00FBF6B8 /* BreedDetailViewController.swift in Sources */ = {isa = PBXBuildFile; fileRef = CA429B5828F878BF00FBF6B8 /* BreedDetailViewController.swift */; };
		CA429B5D28F8B03F00FBF6B8 /* CommonFunctions.swift in Sources */ = {isa = PBXBuildFile; fileRef = CA429B5C28F8B03F00FBF6B8 /* CommonFunctions.swift */; };
		CA429B5E28F8B03F00FBF6B8 /* CommonFunctions.swift in Sources */ = {isa = PBXBuildFile; fileRef = CA429B5C28F8B03F00FBF6B8 /* CommonFunctions.swift */; };
		CA429B6228F9BF5F00FBF6B8 /* CatBreeds.json in Resources */ = {isa = PBXBuildFile; fileRef = CA429B6128F9BF5F00FBF6B8 /* CatBreeds.json */; };
		CA429B6328F9BF5F00FBF6B8 /* CatBreeds.json in Resources */ = {isa = PBXBuildFile; fileRef = CA429B6128F9BF5F00FBF6B8 /* CatBreeds.json */; };
		CA429B6628F9BFB100FBF6B8 /* Mokable.swift in Sources */ = {isa = PBXBuildFile; fileRef = CA429B6528F9BFB100FBF6B8 /* Mokable.swift */; };
		CA429B6728F9BFB100FBF6B8 /* Mokable.swift in Sources */ = {isa = PBXBuildFile; fileRef = CA429B6528F9BFB100FBF6B8 /* Mokable.swift */; };
		CA429B6B28F9C4A000FBF6B8 /* Lottie in Frameworks */ = {isa = PBXBuildFile; productRef = CA429B6A28F9C4A000FBF6B8 /* Lottie */; };
		CA429B6E28F9C55300FBF6B8 /* Lottie in Frameworks */ = {isa = PBXBuildFile; productRef = CA429B6D28F9C55300FBF6B8 /* Lottie */; };
		CA429B7328F9D9A100FBF6B8 /* FlagKit in Frameworks */ = {isa = PBXBuildFile; productRef = CA429B7228F9D9A100FBF6B8 /* FlagKit */; };
		CA4847B328F5C65300E90EAD /* AppDelegate.swift in Sources */ = {isa = PBXBuildFile; fileRef = CA4847B228F5C65300E90EAD /* AppDelegate.swift */; };
		CA4847B528F5C65300E90EAD /* SceneDelegate.swift in Sources */ = {isa = PBXBuildFile; fileRef = CA4847B428F5C65300E90EAD /* SceneDelegate.swift */; };
		CA4847BA28F5C65300E90EAD /* Main.storyboard in Resources */ = {isa = PBXBuildFile; fileRef = CA4847B828F5C65300E90EAD /* Main.storyboard */; };
		CA4847BC28F5C65500E90EAD /* Assets.xcassets in Resources */ = {isa = PBXBuildFile; fileRef = CA4847BB28F5C65500E90EAD /* Assets.xcassets */; };
		CA4847BF28F5C65500E90EAD /* LaunchScreen.storyboard in Resources */ = {isa = PBXBuildFile; fileRef = CA4847BD28F5C65500E90EAD /* LaunchScreen.storyboard */; };
		CA4847CA28F5C65500E90EAD /* TheCatAppTests.swift in Sources */ = {isa = PBXBuildFile; fileRef = CA4847C928F5C65500E90EAD /* TheCatAppTests.swift */; };
		CA4847E728F5C67600E90EAD /* HTTPMethod.swift in Sources */ = {isa = PBXBuildFile; fileRef = CA4847E328F5C67600E90EAD /* HTTPMethod.swift */; };
		CA4847E828F5C67600E90EAD /* HTTPMethod.swift in Sources */ = {isa = PBXBuildFile; fileRef = CA4847E328F5C67600E90EAD /* HTTPMethod.swift */; };
		CA4847EA28F5C67600E90EAD /* HTTPClient.swift in Sources */ = {isa = PBXBuildFile; fileRef = CA4847E428F5C67600E90EAD /* HTTPClient.swift */; };
		CA4847EB28F5C67600E90EAD /* HTTPClient.swift in Sources */ = {isa = PBXBuildFile; fileRef = CA4847E428F5C67600E90EAD /* HTTPClient.swift */; };
		CA4847ED28F5C67600E90EAD /* RequestError.swift in Sources */ = {isa = PBXBuildFile; fileRef = CA4847E528F5C67600E90EAD /* RequestError.swift */; };
		CA4847EE28F5C67600E90EAD /* RequestError.swift in Sources */ = {isa = PBXBuildFile; fileRef = CA4847E528F5C67600E90EAD /* RequestError.swift */; };
		CA4847F028F5C67600E90EAD /* Endpoint.swift in Sources */ = {isa = PBXBuildFile; fileRef = CA4847E628F5C67600E90EAD /* Endpoint.swift */; };
		CA4847F128F5C67600E90EAD /* Endpoint.swift in Sources */ = {isa = PBXBuildFile; fileRef = CA4847E628F5C67600E90EAD /* Endpoint.swift */; };
		CA4847FF28F5C71500E90EAD /* CatService.swift in Sources */ = {isa = PBXBuildFile; fileRef = CA4847FE28F5C71500E90EAD /* CatService.swift */; };
		CA48480028F5C71500E90EAD /* CatService.swift in Sources */ = {isa = PBXBuildFile; fileRef = CA4847FE28F5C71500E90EAD /* CatService.swift */; };
		CA48480328F5C7B200E90EAD /* CatEndpoint.swift in Sources */ = {isa = PBXBuildFile; fileRef = CA48480228F5C7B200E90EAD /* CatEndpoint.swift */; };
		CA48480428F5C7B200E90EAD /* CatEndpoint.swift in Sources */ = {isa = PBXBuildFile; fileRef = CA48480228F5C7B200E90EAD /* CatEndpoint.swift */; };
		CA48480928F5C80E00E90EAD /* CatBreeds.swift in Sources */ = {isa = PBXBuildFile; fileRef = CA48480828F5C80E00E90EAD /* CatBreeds.swift */; };
		CA48480A28F5C80E00E90EAD /* CatBreeds.swift in Sources */ = {isa = PBXBuildFile; fileRef = CA48480828F5C80E00E90EAD /* CatBreeds.swift */; };
		CA48481428F5E17600E90EAD /* BreedTableViewCell.swift in Sources */ = {isa = PBXBuildFile; fileRef = CA48481228F5E17600E90EAD /* BreedTableViewCell.swift */; };
		CA48481528F5E17600E90EAD /* BreedTableViewCell.swift in Sources */ = {isa = PBXBuildFile; fileRef = CA48481228F5E17600E90EAD /* BreedTableViewCell.swift */; };
		CA48481728F5E17600E90EAD /* BreedTableViewCell.xib in Resources */ = {isa = PBXBuildFile; fileRef = CA48481328F5E17600E90EAD /* BreedTableViewCell.xib */; };
		CA48481828F5E17600E90EAD /* BreedTableViewCell.xib in Resources */ = {isa = PBXBuildFile; fileRef = CA48481328F5E17600E90EAD /* BreedTableViewCell.xib */; };
		CA48481C28F6B04900E90EAD /* ImageLoader.swift in Sources */ = {isa = PBXBuildFile; fileRef = CA48481B28F6B04900E90EAD /* ImageLoader.swift */; };
		CA48481D28F6B04900E90EAD /* ImageLoader.swift in Sources */ = {isa = PBXBuildFile; fileRef = CA48481B28F6B04900E90EAD /* ImageLoader.swift */; };
		CA48482028F6B06B00E90EAD /* ImageCache.swift in Sources */ = {isa = PBXBuildFile; fileRef = CA48481F28F6B06B00E90EAD /* ImageCache.swift */; };
		CA48482128F6B06B00E90EAD /* ImageCache.swift in Sources */ = {isa = PBXBuildFile; fileRef = CA48481F28F6B06B00E90EAD /* ImageCache.swift */; };
		CA48482628F6EC1400E90EAD /* BreedListViewController.swift in Sources */ = {isa = PBXBuildFile; fileRef = CA48482528F6EC1400E90EAD /* BreedListViewController.swift */; };
		CA48482728F6EC1400E90EAD /* BreedListViewController.swift in Sources */ = {isa = PBXBuildFile; fileRef = CA48482528F6EC1400E90EAD /* BreedListViewController.swift */; };
		CAAA0EB528FC180800855568 /* Main.storyboard in Resources */ = {isa = PBXBuildFile; fileRef = CA4847B828F5C65300E90EAD /* Main.storyboard */; };
		CAAA0EBA28FC8E8D00855568 /* cat-404.json in Resources */ = {isa = PBXBuildFile; fileRef = CAAA0EB928FC8E8D00855568 /* cat-404.json */; };
		CAAA0EBB28FC8E8D00855568 /* cat-404.json in Resources */ = {isa = PBXBuildFile; fileRef = CAAA0EB928FC8E8D00855568 /* cat-404.json */; };
		CAAA0EBF28FC948A00855568 /* Cosmos in Frameworks */ = {isa = PBXBuildFile; productRef = CAAA0EBE28FC948A00855568 /* Cosmos */; };
/* End PBXBuildFile section */

/* Begin PBXContainerItemProxy section */
		CA4847C628F5C65500E90EAD /* PBXContainerItemProxy */ = {
			isa = PBXContainerItemProxy;
			containerPortal = CA4847A728F5C65300E90EAD /* Project object */;
			proxyType = 1;
			remoteGlobalIDString = CA4847AE28F5C65300E90EAD;
			remoteInfo = TheCatApp;
		};
/* End PBXContainerItemProxy section */

/* Begin PBXFileReference section */
		CA21935728FDD80200C86FBD /* BreedListViewModel.swift */ = {isa = PBXFileReference; lastKnownFileType = sourcecode.swift; path = BreedListViewModel.swift; sourceTree = "<group>"; };
		CA429B5328F80E7200FBF6B8 /* cat-loader.json */ = {isa = PBXFileReference; fileEncoding = 4; lastKnownFileType = text.json; path = "cat-loader.json"; sourceTree = "<group>"; };
		CA429B5828F878BF00FBF6B8 /* BreedDetailViewController.swift */ = {isa = PBXFileReference; lastKnownFileType = sourcecode.swift; path = BreedDetailViewController.swift; sourceTree = "<group>"; };
		CA429B5C28F8B03F00FBF6B8 /* CommonFunctions.swift */ = {isa = PBXFileReference; lastKnownFileType = sourcecode.swift; path = CommonFunctions.swift; sourceTree = "<group>"; };
		CA429B6128F9BF5F00FBF6B8 /* CatBreeds.json */ = {isa = PBXFileReference; lastKnownFileType = text.json; path = CatBreeds.json; sourceTree = "<group>"; };
		CA429B6528F9BFB100FBF6B8 /* Mokable.swift */ = {isa = PBXFileReference; lastKnownFileType = sourcecode.swift; path = Mokable.swift; sourceTree = "<group>"; };
		CA4847AF28F5C65300E90EAD /* TheCatApp.app */ = {isa = PBXFileReference; explicitFileType = wrapper.application; includeInIndex = 0; path = TheCatApp.app; sourceTree = BUILT_PRODUCTS_DIR; };
		CA4847B228F5C65300E90EAD /* AppDelegate.swift */ = {isa = PBXFileReference; lastKnownFileType = sourcecode.swift; path = AppDelegate.swift; sourceTree = "<group>"; };
		CA4847B428F5C65300E90EAD /* SceneDelegate.swift */ = {isa = PBXFileReference; lastKnownFileType = sourcecode.swift; path = SceneDelegate.swift; sourceTree = "<group>"; };
		CA4847B928F5C65300E90EAD /* Base */ = {isa = PBXFileReference; lastKnownFileType = file.storyboard; name = Base; path = Base.lproj/Main.storyboard; sourceTree = "<group>"; };
		CA4847BB28F5C65500E90EAD /* Assets.xcassets */ = {isa = PBXFileReference; lastKnownFileType = folder.assetcatalog; path = Assets.xcassets; sourceTree = "<group>"; };
		CA4847BE28F5C65500E90EAD /* Base */ = {isa = PBXFileReference; lastKnownFileType = file.storyboard; name = Base; path = Base.lproj/LaunchScreen.storyboard; sourceTree = "<group>"; };
		CA4847C028F5C65500E90EAD /* Info.plist */ = {isa = PBXFileReference; lastKnownFileType = text.plist.xml; path = Info.plist; sourceTree = "<group>"; };
		CA4847C528F5C65500E90EAD /* TheCatAppTests.xctest */ = {isa = PBXFileReference; explicitFileType = wrapper.cfbundle; includeInIndex = 0; path = TheCatAppTests.xctest; sourceTree = BUILT_PRODUCTS_DIR; };
		CA4847C928F5C65500E90EAD /* TheCatAppTests.swift */ = {isa = PBXFileReference; lastKnownFileType = sourcecode.swift; path = TheCatAppTests.swift; sourceTree = "<group>"; };
		CA4847E328F5C67600E90EAD /* HTTPMethod.swift */ = {isa = PBXFileReference; fileEncoding = 4; lastKnownFileType = sourcecode.swift; path = HTTPMethod.swift; sourceTree = "<group>"; };
		CA4847E428F5C67600E90EAD /* HTTPClient.swift */ = {isa = PBXFileReference; fileEncoding = 4; lastKnownFileType = sourcecode.swift; path = HTTPClient.swift; sourceTree = "<group>"; };
		CA4847E528F5C67600E90EAD /* RequestError.swift */ = {isa = PBXFileReference; fileEncoding = 4; lastKnownFileType = sourcecode.swift; path = RequestError.swift; sourceTree = "<group>"; };
		CA4847E628F5C67600E90EAD /* Endpoint.swift */ = {isa = PBXFileReference; fileEncoding = 4; lastKnownFileType = sourcecode.swift; path = Endpoint.swift; sourceTree = "<group>"; };
		CA4847FE28F5C71500E90EAD /* CatService.swift */ = {isa = PBXFileReference; fileEncoding = 4; lastKnownFileType = sourcecode.swift; path = CatService.swift; sourceTree = "<group>"; };
		CA48480228F5C7B200E90EAD /* CatEndpoint.swift */ = {isa = PBXFileReference; fileEncoding = 4; lastKnownFileType = sourcecode.swift; path = CatEndpoint.swift; sourceTree = "<group>"; };
		CA48480828F5C80E00E90EAD /* CatBreeds.swift */ = {isa = PBXFileReference; lastKnownFileType = sourcecode.swift; path = CatBreeds.swift; sourceTree = "<group>"; };
		CA48481228F5E17600E90EAD /* BreedTableViewCell.swift */ = {isa = PBXFileReference; lastKnownFileType = sourcecode.swift; path = BreedTableViewCell.swift; sourceTree = "<group>"; };
		CA48481328F5E17600E90EAD /* BreedTableViewCell.xib */ = {isa = PBXFileReference; lastKnownFileType = file.xib; path = BreedTableViewCell.xib; sourceTree = "<group>"; };
		CA48481B28F6B04900E90EAD /* ImageLoader.swift */ = {isa = PBXFileReference; lastKnownFileType = sourcecode.swift; path = ImageLoader.swift; sourceTree = "<group>"; };
		CA48481F28F6B06B00E90EAD /* ImageCache.swift */ = {isa = PBXFileReference; lastKnownFileType = sourcecode.swift; path = ImageCache.swift; sourceTree = "<group>"; };
		CA48482528F6EC1400E90EAD /* BreedListViewController.swift */ = {isa = PBXFileReference; fileEncoding = 4; lastKnownFileType = sourcecode.swift; path = BreedListViewController.swift; sourceTree = "<group>"; };
		CAAA0EB928FC8E8D00855568 /* cat-404.json */ = {isa = PBXFileReference; fileEncoding = 4; lastKnownFileType = text.json; path = "cat-404.json"; sourceTree = "<group>"; };
/* End PBXFileReference section */

/* Begin PBXFrameworksBuildPhase section */
		CA4847AC28F5C65300E90EAD /* Frameworks */ = {
			isa = PBXFrameworksBuildPhase;
			buildActionMask = 2147483647;
			files = (
				CAAA0EBF28FC948A00855568 /* Cosmos in Frameworks */,
				CA429B6B28F9C4A000FBF6B8 /* Lottie in Frameworks */,
				CA429B7328F9D9A100FBF6B8 /* FlagKit in Frameworks */,
			);
			runOnlyForDeploymentPostprocessing = 0;
		};
		CA4847C228F5C65500E90EAD /* Frameworks */ = {
			isa = PBXFrameworksBuildPhase;
			buildActionMask = 2147483647;
			files = (
				CA429B6E28F9C55300FBF6B8 /* Lottie in Frameworks */,
			);
			runOnlyForDeploymentPostprocessing = 0;
		};
/* End PBXFrameworksBuildPhase section */

/* Begin PBXGroup section */
		CA21935628FDD7EC00C86FBD /* ViewModel */ = {
			isa = PBXGroup;
			children = (
				CA21935728FDD80200C86FBD /* BreedListViewModel.swift */,
			);
			path = ViewModel;
			sourceTree = "<group>";
		};
		CA429B5728F8788700FBF6B8 /* BreedDetailViewController */ = {
			isa = PBXGroup;
			children = (
				CA429B5828F878BF00FBF6B8 /* BreedDetailViewController.swift */,
			);
			path = BreedDetailViewController;
			sourceTree = "<group>";
		};
		CA429B6028F9BF0800FBF6B8 /* JSON */ = {
			isa = PBXGroup;
			children = (
				CA429B6128F9BF5F00FBF6B8 /* CatBreeds.json */,
			);
			path = JSON;
			sourceTree = "<group>";
		};
		CA429B6C28F9C55300FBF6B8 /* Frameworks */ = {
			isa = PBXGroup;
			children = (
			);
			name = Frameworks;
			sourceTree = "<group>";
		};
		CA429B7528FAB2EA00FBF6B8 /* Animations */ = {
			isa = PBXGroup;
			children = (
				CAAA0EB928FC8E8D00855568 /* cat-404.json */,
				CA429B5328F80E7200FBF6B8 /* cat-loader.json */,
			);
			path = Animations;
			sourceTree = "<group>";
		};
		CA4847A628F5C65300E90EAD = {
			isa = PBXGroup;
			children = (
				CA4847B128F5C65300E90EAD /* TheCatApp */,
				CA4847C828F5C65500E90EAD /* TheCatAppTests */,
				CA4847B028F5C65300E90EAD /* Products */,
				CA429B6C28F9C55300FBF6B8 /* Frameworks */,
			);
			sourceTree = "<group>";
		};
		CA4847B028F5C65300E90EAD /* Products */ = {
			isa = PBXGroup;
			children = (
				CA4847AF28F5C65300E90EAD /* TheCatApp.app */,
				CA4847C528F5C65500E90EAD /* TheCatAppTests.xctest */,
			);
			name = Products;
			sourceTree = "<group>";
		};
		CA4847B128F5C65300E90EAD /* TheCatApp */ = {
			isa = PBXGroup;
			children = (
				CA4847B228F5C65300E90EAD /* AppDelegate.swift */,
				CA4847B428F5C65300E90EAD /* SceneDelegate.swift */,
				CA4847B828F5C65300E90EAD /* Main.storyboard */,
				CA4847BB28F5C65500E90EAD /* Assets.xcassets */,
				CA4847BD28F5C65500E90EAD /* LaunchScreen.storyboard */,
				CA4847C028F5C65500E90EAD /* Info.plist */,
				CA429B7528FAB2EA00FBF6B8 /* Animations */,
				CA48480C28F5C85600E90EAD /* Controllers */,
				CA4847FD28F5C6D800E90EAD /* Network */,
				CA48481A28F6B03300E90EAD /* Utilities */,
			);
			path = TheCatApp;
			sourceTree = "<group>";
		};
		CA4847C828F5C65500E90EAD /* TheCatAppTests */ = {
			isa = PBXGroup;
			children = (
				CA4847C928F5C65500E90EAD /* TheCatAppTests.swift */,
				CA429B6528F9BFB100FBF6B8 /* Mokable.swift */,
				CA429B6028F9BF0800FBF6B8 /* JSON */,
			);
			path = TheCatAppTests;
			sourceTree = "<group>";
		};
		CA4847E228F5C67600E90EAD /* Base */ = {
			isa = PBXGroup;
			children = (
				CA4847E328F5C67600E90EAD /* HTTPMethod.swift */,
				CA4847E428F5C67600E90EAD /* HTTPClient.swift */,
				CA4847E528F5C67600E90EAD /* RequestError.swift */,
				CA4847E628F5C67600E90EAD /* Endpoint.swift */,
			);
			path = Base;
			sourceTree = "<group>";
		};
		CA4847F328F5C6D300E90EAD /* Services */ = {
			isa = PBXGroup;
			children = (
				CA4847FE28F5C71500E90EAD /* CatService.swift */,
			);
			path = Services;
			sourceTree = "<group>";
		};
		CA4847F528F5C6D300E90EAD /* Endpoints */ = {
			isa = PBXGroup;
			children = (
				CA48480228F5C7B200E90EAD /* CatEndpoint.swift */,
			);
			path = Endpoints;
			sourceTree = "<group>";
		};
		CA4847FD28F5C6D800E90EAD /* Network */ = {
			isa = PBXGroup;
			children = (
				CA4847F328F5C6D300E90EAD /* Services */,
				CA4847E228F5C67600E90EAD /* Base */,
				CA4847F528F5C6D300E90EAD /* Endpoints */,
			);
			path = Network;
			sourceTree = "<group>";
		};
		CA48480628F5C7D500E90EAD /* Models */ = {
			isa = PBXGroup;
			children = (
				CA48480828F5C80E00E90EAD /* CatBreeds.swift */,
			);
			path = Models;
			sourceTree = "<group>";
		};
		CA48480C28F5C85600E90EAD /* Controllers */ = {
			isa = PBXGroup;
			children = (
				CA429B5728F8788700FBF6B8 /* BreedDetailViewController */,
				CA48482428F6EBE500E90EAD /* BreedListViewController */,
			);
			path = Controllers;
			sourceTree = "<group>";
		};
		CA48480D28F5E04000E90EAD /* View */ = {
			isa = PBXGroup;
			children = (
				CA48481228F5E17600E90EAD /* BreedTableViewCell.swift */,
				CA48481328F5E17600E90EAD /* BreedTableViewCell.xib */,
			);
			path = View;
			sourceTree = "<group>";
		};
		CA48481A28F6B03300E90EAD /* Utilities */ = {
			isa = PBXGroup;
			children = (
				CA48481B28F6B04900E90EAD /* ImageLoader.swift */,
				CA48481F28F6B06B00E90EAD /* ImageCache.swift */,
				CA429B5C28F8B03F00FBF6B8 /* CommonFunctions.swift */,
			);
			path = Utilities;
			sourceTree = "<group>";
		};
		CA48482428F6EBE500E90EAD /* BreedListViewController */ = {
			isa = PBXGroup;
			children = (
				CA21935628FDD7EC00C86FBD /* ViewModel */,
				CA48480628F5C7D500E90EAD /* Models */,
				CA48480D28F5E04000E90EAD /* View */,
				CA48482528F6EC1400E90EAD /* BreedListViewController.swift */,
			);
			path = BreedListViewController;
			sourceTree = "<group>";
		};
/* End PBXGroup section */

/* Begin PBXNativeTarget section */
		CA4847AE28F5C65300E90EAD /* TheCatApp */ = {
			isa = PBXNativeTarget;
			buildConfigurationList = CA4847D928F5C65500E90EAD /* Build configuration list for PBXNativeTarget "TheCatApp" */;
			buildPhases = (
				CA4847AB28F5C65300E90EAD /* Sources */,
				CA4847AC28F5C65300E90EAD /* Frameworks */,
				CA4847AD28F5C65300E90EAD /* Resources */,
			);
			buildRules = (
			);
			dependencies = (
			);
			name = TheCatApp;
			packageProductDependencies = (
				CA429B6A28F9C4A000FBF6B8 /* Lottie */,
				CA429B7228F9D9A100FBF6B8 /* FlagKit */,
				CAAA0EBE28FC948A00855568 /* Cosmos */,
			);
			productName = TheCatApp;
			productReference = CA4847AF28F5C65300E90EAD /* TheCatApp.app */;
			productType = "com.apple.product-type.application";
		};
		CA4847C428F5C65500E90EAD /* TheCatAppTests */ = {
			isa = PBXNativeTarget;
			buildConfigurationList = CA4847DC28F5C65500E90EAD /* Build configuration list for PBXNativeTarget "TheCatAppTests" */;
			buildPhases = (
				CA4847C128F5C65500E90EAD /* Sources */,
				CA4847C228F5C65500E90EAD /* Frameworks */,
				CA4847C328F5C65500E90EAD /* Resources */,
			);
			buildRules = (
			);
			dependencies = (
				CA4847C728F5C65500E90EAD /* PBXTargetDependency */,
			);
			name = TheCatAppTests;
			packageProductDependencies = (
				CA429B6D28F9C55300FBF6B8 /* Lottie */,
			);
			productName = TheCatAppTests;
			productReference = CA4847C528F5C65500E90EAD /* TheCatAppTests.xctest */;
			productType = "com.apple.product-type.bundle.unit-test";
		};
/* End PBXNativeTarget section */

/* Begin PBXProject section */
		CA4847A728F5C65300E90EAD /* Project object */ = {
			isa = PBXProject;
			attributes = {
				BuildIndependentTargetsInParallel = 1;
				LastSwiftUpdateCheck = 1340;
				LastUpgradeCheck = 1340;
				TargetAttributes = {
					CA4847AE28F5C65300E90EAD = {
						CreatedOnToolsVersion = 13.4.1;
					};
					CA4847C428F5C65500E90EAD = {
						CreatedOnToolsVersion = 13.4.1;
						TestTargetID = CA4847AE28F5C65300E90EAD;
					};
				};
			};
			buildConfigurationList = CA4847AA28F5C65300E90EAD /* Build configuration list for PBXProject "TheCatApp" */;
			compatibilityVersion = "Xcode 13.0";
			developmentRegion = en;
			hasScannedForEncodings = 0;
			knownRegions = (
				en,
				Base,
			);
			mainGroup = CA4847A628F5C65300E90EAD;
			packageReferences = (
				CA429B6928F9C4A000FBF6B8 /* XCRemoteSwiftPackageReference "lottie-ios" */,
				CA429B7128F9D9A100FBF6B8 /* XCRemoteSwiftPackageReference "FlagKit" */,
				CAAA0EBD28FC948A00855568 /* XCRemoteSwiftPackageReference "Cosmos" */,
			);
			productRefGroup = CA4847B028F5C65300E90EAD /* Products */;
			projectDirPath = "";
			projectRoot = "";
			targets = (
				CA4847AE28F5C65300E90EAD /* TheCatApp */,
				CA4847C428F5C65500E90EAD /* TheCatAppTests */,
			);
		};
/* End PBXProject section */

/* Begin PBXResourcesBuildPhase section */
		CA4847AD28F5C65300E90EAD /* Resources */ = {
			isa = PBXResourcesBuildPhase;
			buildActionMask = 2147483647;
			files = (
				CA429B5428F80E7200FBF6B8 /* cat-loader.json in Resources */,
				CA429B6228F9BF5F00FBF6B8 /* CatBreeds.json in Resources */,
				CA48481728F5E17600E90EAD /* BreedTableViewCell.xib in Resources */,
				CA4847BF28F5C65500E90EAD /* LaunchScreen.storyboard in Resources */,
				CAAA0EBA28FC8E8D00855568 /* cat-404.json in Resources */,
				CA4847BC28F5C65500E90EAD /* Assets.xcassets in Resources */,
				CA4847BA28F5C65300E90EAD /* Main.storyboard in Resources */,
			);
			runOnlyForDeploymentPostprocessing = 0;
		};
		CA4847C328F5C65500E90EAD /* Resources */ = {
			isa = PBXResourcesBuildPhase;
			buildActionMask = 2147483647;
			files = (
				CAAA0EBB28FC8E8D00855568 /* cat-404.json in Resources */,
				CAAA0EB528FC180800855568 /* Main.storyboard in Resources */,
				CA48481828F5E17600E90EAD /* BreedTableViewCell.xib in Resources */,
				CA429B6328F9BF5F00FBF6B8 /* CatBreeds.json in Resources */,
				CA429B5528F80E7200FBF6B8 /* cat-loader.json in Resources */,
			);
			runOnlyForDeploymentPostprocessing = 0;
		};
/* End PBXResourcesBuildPhase section */

/* Begin PBXSourcesBuildPhase section */
		CA4847AB28F5C65300E90EAD /* Sources */ = {
			isa = PBXSourcesBuildPhase;
			buildActionMask = 2147483647;
			files = (
				CA4847F028F5C67600E90EAD /* Endpoint.swift in Sources */,
				CA48482628F6EC1400E90EAD /* BreedListViewController.swift in Sources */,
				CA429B5D28F8B03F00FBF6B8 /* CommonFunctions.swift in Sources */,
				CA48482028F6B06B00E90EAD /* ImageCache.swift in Sources */,
				CA48480928F5C80E00E90EAD /* CatBreeds.swift in Sources */,
				CA48481C28F6B04900E90EAD /* ImageLoader.swift in Sources */,
				CA4847E728F5C67600E90EAD /* HTTPMethod.swift in Sources */,
				CA21935828FDD80200C86FBD /* BreedListViewModel.swift in Sources */,
				CA4847EA28F5C67600E90EAD /* HTTPClient.swift in Sources */,
				CA4847ED28F5C67600E90EAD /* RequestError.swift in Sources */,
				CA4847FF28F5C71500E90EAD /* CatService.swift in Sources */,
				CA429B5928F878BF00FBF6B8 /* BreedDetailViewController.swift in Sources */,
				CA48480328F5C7B200E90EAD /* CatEndpoint.swift in Sources */,
				CA4847B328F5C65300E90EAD /* AppDelegate.swift in Sources */,
				CA4847B528F5C65300E90EAD /* SceneDelegate.swift in Sources */,
				CA48481428F5E17600E90EAD /* BreedTableViewCell.swift in Sources */,
				CA429B6628F9BFB100FBF6B8 /* Mokable.swift in Sources */,
			);
			runOnlyForDeploymentPostprocessing = 0;
		};
		CA4847C128F5C65500E90EAD /* Sources */ = {
			isa = PBXSourcesBuildPhase;
			buildActionMask = 2147483647;
			files = (
				CA48482128F6B06B00E90EAD /* ImageCache.swift in Sources */,
				CA48481528F5E17600E90EAD /* BreedTableViewCell.swift in Sources */,
				CA429B5E28F8B03F00FBF6B8 /* CommonFunctions.swift in Sources */,
				CA48480028F5C71500E90EAD /* CatService.swift in Sources */,
				CA48481D28F6B04900E90EAD /* ImageLoader.swift in Sources */,
				CA429B5A28F878BF00FBF6B8 /* BreedDetailViewController.swift in Sources */,
				CA48480428F5C7B200E90EAD /* CatEndpoint.swift in Sources */,
				CA48482728F6EC1400E90EAD /* BreedListViewController.swift in Sources */,
				CA4847EE28F5C67600E90EAD /* RequestError.swift in Sources */,
				CA4847E828F5C67600E90EAD /* HTTPMethod.swift in Sources */,
				CA4847CA28F5C65500E90EAD /* TheCatAppTests.swift in Sources */,
				CA429B6728F9BFB100FBF6B8 /* Mokable.swift in Sources */,
				CA4847EB28F5C67600E90EAD /* HTTPClient.swift in Sources */,
				CA4847F128F5C67600E90EAD /* Endpoint.swift in Sources */,
				CA48480A28F5C80E00E90EAD /* CatBreeds.swift in Sources */,
			);
			runOnlyForDeploymentPostprocessing = 0;
		};
/* End PBXSourcesBuildPhase section */

/* Begin PBXTargetDependency section */
		CA4847C728F5C65500E90EAD /* PBXTargetDependency */ = {
			isa = PBXTargetDependency;
			target = CA4847AE28F5C65300E90EAD /* TheCatApp */;
			targetProxy = CA4847C628F5C65500E90EAD /* PBXContainerItemProxy */;
		};
/* End PBXTargetDependency section */

/* Begin PBXVariantGroup section */
		CA4847B828F5C65300E90EAD /* Main.storyboard */ = {
			isa = PBXVariantGroup;
			children = (
				CA4847B928F5C65300E90EAD /* Base */,
			);
			name = Main.storyboard;
			sourceTree = "<group>";
		};
		CA4847BD28F5C65500E90EAD /* LaunchScreen.storyboard */ = {
			isa = PBXVariantGroup;
			children = (
				CA4847BE28F5C65500E90EAD /* Base */,
			);
			name = LaunchScreen.storyboard;
			sourceTree = "<group>";
		};
/* End PBXVariantGroup section */

/* Begin XCBuildConfiguration section */
		CA4847D728F5C65500E90EAD /* Debug */ = {
			isa = XCBuildConfiguration;
			buildSettings = {
				ALWAYS_SEARCH_USER_PATHS = NO;
				CLANG_ANALYZER_NONNULL = YES;
				CLANG_ANALYZER_NUMBER_OBJECT_CONVERSION = YES_AGGRESSIVE;
				CLANG_CXX_LANGUAGE_STANDARD = "gnu++17";
				CLANG_ENABLE_MODULES = YES;
				CLANG_ENABLE_OBJC_ARC = YES;
				CLANG_ENABLE_OBJC_WEAK = YES;
				CLANG_WARN_BLOCK_CAPTURE_AUTORELEASING = YES;
				CLANG_WARN_BOOL_CONVERSION = YES;
				CLANG_WARN_COMMA = YES;
				CLANG_WARN_CONSTANT_CONVERSION = YES;
				CLANG_WARN_DEPRECATED_OBJC_IMPLEMENTATIONS = YES;
				CLANG_WARN_DIRECT_OBJC_ISA_USAGE = YES_ERROR;
				CLANG_WARN_DOCUMENTATION_COMMENTS = YES;
				CLANG_WARN_EMPTY_BODY = YES;
				CLANG_WARN_ENUM_CONVERSION = YES;
				CLANG_WARN_INFINITE_RECURSION = YES;
				CLANG_WARN_INT_CONVERSION = YES;
				CLANG_WARN_NON_LITERAL_NULL_CONVERSION = YES;
				CLANG_WARN_OBJC_IMPLICIT_RETAIN_SELF = YES;
				CLANG_WARN_OBJC_LITERAL_CONVERSION = YES;
				CLANG_WARN_OBJC_ROOT_CLASS = YES_ERROR;
				CLANG_WARN_QUOTED_INCLUDE_IN_FRAMEWORK_HEADER = YES;
				CLANG_WARN_RANGE_LOOP_ANALYSIS = YES;
				CLANG_WARN_STRICT_PROTOTYPES = YES;
				CLANG_WARN_SUSPICIOUS_MOVE = YES;
				CLANG_WARN_UNGUARDED_AVAILABILITY = YES_AGGRESSIVE;
				CLANG_WARN_UNREACHABLE_CODE = YES;
				CLANG_WARN__DUPLICATE_METHOD_MATCH = YES;
				COPY_PHASE_STRIP = NO;
				DEBUG_INFORMATION_FORMAT = dwarf;
				ENABLE_STRICT_OBJC_MSGSEND = YES;
				ENABLE_TESTABILITY = YES;
				GCC_C_LANGUAGE_STANDARD = gnu11;
				GCC_DYNAMIC_NO_PIC = NO;
				GCC_NO_COMMON_BLOCKS = YES;
				GCC_OPTIMIZATION_LEVEL = 0;
				GCC_PREPROCESSOR_DEFINITIONS = (
					"DEBUG=1",
					"$(inherited)",
				);
				GCC_WARN_64_TO_32_BIT_CONVERSION = YES;
				GCC_WARN_ABOUT_RETURN_TYPE = YES_ERROR;
				GCC_WARN_UNDECLARED_SELECTOR = YES;
				GCC_WARN_UNINITIALIZED_AUTOS = YES_AGGRESSIVE;
				GCC_WARN_UNUSED_FUNCTION = YES;
				GCC_WARN_UNUSED_VARIABLE = YES;
				IPHONEOS_DEPLOYMENT_TARGET = 15.5;
				MTL_ENABLE_DEBUG_INFO = INCLUDE_SOURCE;
				MTL_FAST_MATH = YES;
				ONLY_ACTIVE_ARCH = YES;
				SDKROOT = iphoneos;
				SWIFT_ACTIVE_COMPILATION_CONDITIONS = DEBUG;
				SWIFT_OPTIMIZATION_LEVEL = "-Onone";
			};
			name = Debug;
		};
		CA4847D828F5C65500E90EAD /* Release */ = {
			isa = XCBuildConfiguration;
			buildSettings = {
				ALWAYS_SEARCH_USER_PATHS = NO;
				CLANG_ANALYZER_NONNULL = YES;
				CLANG_ANALYZER_NUMBER_OBJECT_CONVERSION = YES_AGGRESSIVE;
				CLANG_CXX_LANGUAGE_STANDARD = "gnu++17";
				CLANG_ENABLE_MODULES = YES;
				CLANG_ENABLE_OBJC_ARC = YES;
				CLANG_ENABLE_OBJC_WEAK = YES;
				CLANG_WARN_BLOCK_CAPTURE_AUTORELEASING = YES;
				CLANG_WARN_BOOL_CONVERSION = YES;
				CLANG_WARN_COMMA = YES;
				CLANG_WARN_CONSTANT_CONVERSION = YES;
				CLANG_WARN_DEPRECATED_OBJC_IMPLEMENTATIONS = YES;
				CLANG_WARN_DIRECT_OBJC_ISA_USAGE = YES_ERROR;
				CLANG_WARN_DOCUMENTATION_COMMENTS = YES;
				CLANG_WARN_EMPTY_BODY = YES;
				CLANG_WARN_ENUM_CONVERSION = YES;
				CLANG_WARN_INFINITE_RECURSION = YES;
				CLANG_WARN_INT_CONVERSION = YES;
				CLANG_WARN_NON_LITERAL_NULL_CONVERSION = YES;
				CLANG_WARN_OBJC_IMPLICIT_RETAIN_SELF = YES;
				CLANG_WARN_OBJC_LITERAL_CONVERSION = YES;
				CLANG_WARN_OBJC_ROOT_CLASS = YES_ERROR;
				CLANG_WARN_QUOTED_INCLUDE_IN_FRAMEWORK_HEADER = YES;
				CLANG_WARN_RANGE_LOOP_ANALYSIS = YES;
				CLANG_WARN_STRICT_PROTOTYPES = YES;
				CLANG_WARN_SUSPICIOUS_MOVE = YES;
				CLANG_WARN_UNGUARDED_AVAILABILITY = YES_AGGRESSIVE;
				CLANG_WARN_UNREACHABLE_CODE = YES;
				CLANG_WARN__DUPLICATE_METHOD_MATCH = YES;
				COPY_PHASE_STRIP = NO;
				DEBUG_INFORMATION_FORMAT = "dwarf-with-dsym";
				ENABLE_NS_ASSERTIONS = NO;
				ENABLE_STRICT_OBJC_MSGSEND = YES;
				GCC_C_LANGUAGE_STANDARD = gnu11;
				GCC_NO_COMMON_BLOCKS = YES;
				GCC_WARN_64_TO_32_BIT_CONVERSION = YES;
				GCC_WARN_ABOUT_RETURN_TYPE = YES_ERROR;
				GCC_WARN_UNDECLARED_SELECTOR = YES;
				GCC_WARN_UNINITIALIZED_AUTOS = YES_AGGRESSIVE;
				GCC_WARN_UNUSED_FUNCTION = YES;
				GCC_WARN_UNUSED_VARIABLE = YES;
				IPHONEOS_DEPLOYMENT_TARGET = 15.5;
				MTL_ENABLE_DEBUG_INFO = NO;
				MTL_FAST_MATH = YES;
				SDKROOT = iphoneos;
				SWIFT_COMPILATION_MODE = wholemodule;
				SWIFT_OPTIMIZATION_LEVEL = "-O";
				VALIDATE_PRODUCT = YES;
			};
			name = Release;
		};
		CA4847DA28F5C65500E90EAD /* Debug */ = {
			isa = XCBuildConfiguration;
			buildSettings = {
				ASSETCATALOG_COMPILER_APPICON_NAME = AppIcon;
				ASSETCATALOG_COMPILER_GLOBAL_ACCENT_COLOR_NAME = AccentColor;
				CODE_SIGN_STYLE = Automatic;
				CURRENT_PROJECT_VERSION = 1;
				GENERATE_INFOPLIST_FILE = YES;
				INFOPLIST_FILE = TheCatApp/Info.plist;
				INFOPLIST_KEY_UIApplicationSupportsIndirectInputEvents = YES;
				INFOPLIST_KEY_UILaunchStoryboardName = LaunchScreen;
				INFOPLIST_KEY_UIMainStoryboardFile = Main;
				INFOPLIST_KEY_UISupportedInterfaceOrientations_iPad = "UIInterfaceOrientationPortrait UIInterfaceOrientationPortraitUpsideDown UIInterfaceOrientationLandscapeLeft UIInterfaceOrientationLandscapeRight";
				INFOPLIST_KEY_UISupportedInterfaceOrientations_iPhone = "UIInterfaceOrientationPortrait UIInterfaceOrientationLandscapeLeft UIInterfaceOrientationLandscapeRight";
				LD_RUNPATH_SEARCH_PATHS = (
					"$(inherited)",
					"@executable_path/Frameworks",
				);
				MARKETING_VERSION = 1.0;
				PRODUCT_BUNDLE_IDENTIFIER = com.chai.TheCatApp;
				PRODUCT_NAME = "$(TARGET_NAME)";
				SWIFT_EMIT_LOC_STRINGS = YES;
				SWIFT_VERSION = 5.0;
				TARGETED_DEVICE_FAMILY = "1,2";
			};
			name = Debug;
		};
		CA4847DB28F5C65500E90EAD /* Release */ = {
			isa = XCBuildConfiguration;
			buildSettings = {
				ASSETCATALOG_COMPILER_APPICON_NAME = AppIcon;
				ASSETCATALOG_COMPILER_GLOBAL_ACCENT_COLOR_NAME = AccentColor;
				CODE_SIGN_STYLE = Automatic;
				CURRENT_PROJECT_VERSION = 1;
				GENERATE_INFOPLIST_FILE = YES;
				INFOPLIST_FILE = TheCatApp/Info.plist;
				INFOPLIST_KEY_UIApplicationSupportsIndirectInputEvents = YES;
				INFOPLIST_KEY_UILaunchStoryboardName = LaunchScreen;
				INFOPLIST_KEY_UIMainStoryboardFile = Main;
				INFOPLIST_KEY_UISupportedInterfaceOrientations_iPad = "UIInterfaceOrientationPortrait UIInterfaceOrientationPortraitUpsideDown UIInterfaceOrientationLandscapeLeft UIInterfaceOrientationLandscapeRight";
				INFOPLIST_KEY_UISupportedInterfaceOrientations_iPhone = "UIInterfaceOrientationPortrait UIInterfaceOrientationLandscapeLeft UIInterfaceOrientationLandscapeRight";
				LD_RUNPATH_SEARCH_PATHS = (
					"$(inherited)",
					"@executable_path/Frameworks",
				);
				MARKETING_VERSION = 1.0;
				PRODUCT_BUNDLE_IDENTIFIER = com.chai.TheCatApp;
				PRODUCT_NAME = "$(TARGET_NAME)";
				SWIFT_EMIT_LOC_STRINGS = YES;
				SWIFT_VERSION = 5.0;
				TARGETED_DEVICE_FAMILY = "1,2";
			};
			name = Release;
		};
		CA4847DD28F5C65500E90EAD /* Debug */ = {
			isa = XCBuildConfiguration;
			buildSettings = {
				ALWAYS_EMBED_SWIFT_STANDARD_LIBRARIES = YES;
				BUNDLE_LOADER = "$(TEST_HOST)";
				CODE_SIGN_STYLE = Automatic;
				CURRENT_PROJECT_VERSION = 1;
				GENERATE_INFOPLIST_FILE = YES;
				IPHONEOS_DEPLOYMENT_TARGET = 15.5;
				MARKETING_VERSION = 1.0;
				PRODUCT_BUNDLE_IDENTIFIER = com.chai.TheCatAppTests;
				PRODUCT_NAME = "$(TARGET_NAME)";
				SWIFT_EMIT_LOC_STRINGS = NO;
				SWIFT_VERSION = 5.0;
				TARGETED_DEVICE_FAMILY = "1,2";
				TEST_HOST = "$(BUILT_PRODUCTS_DIR)/TheCatApp.app/TheCatApp";
			};
			name = Debug;
		};
		CA4847DE28F5C65500E90EAD /* Release */ = {
			isa = XCBuildConfiguration;
			buildSettings = {
				ALWAYS_EMBED_SWIFT_STANDARD_LIBRARIES = YES;
				BUNDLE_LOADER = "$(TEST_HOST)";
				CODE_SIGN_STYLE = Automatic;
				CURRENT_PROJECT_VERSION = 1;
				GENERATE_INFOPLIST_FILE = YES;
				IPHONEOS_DEPLOYMENT_TARGET = 15.5;
				MARKETING_VERSION = 1.0;
				PRODUCT_BUNDLE_IDENTIFIER = com.chai.TheCatAppTests;
				PRODUCT_NAME = "$(TARGET_NAME)";
				SWIFT_EMIT_LOC_STRINGS = NO;
				SWIFT_VERSION = 5.0;
				TARGETED_DEVICE_FAMILY = "1,2";
				TEST_HOST = "$(BUILT_PRODUCTS_DIR)/TheCatApp.app/TheCatApp";
			};
			name = Release;
		};
/* End XCBuildConfiguration section */

/* Begin XCConfigurationList section */
		CA4847AA28F5C65300E90EAD /* Build configuration list for PBXProject "TheCatApp" */ = {
			isa = XCConfigurationList;
			buildConfigurations = (
				CA4847D728F5C65500E90EAD /* Debug */,
				CA4847D828F5C65500E90EAD /* Release */,
			);
			defaultConfigurationIsVisible = 0;
			defaultConfigurationName = Release;
		};
		CA4847D928F5C65500E90EAD /* Build configuration list for PBXNativeTarget "TheCatApp" */ = {
			isa = XCConfigurationList;
			buildConfigurations = (
				CA4847DA28F5C65500E90EAD /* Debug */,
				CA4847DB28F5C65500E90EAD /* Release */,
			);
			defaultConfigurationIsVisible = 0;
			defaultConfigurationName = Release;
		};
		CA4847DC28F5C65500E90EAD /* Build configuration list for PBXNativeTarget "TheCatAppTests" */ = {
			isa = XCConfigurationList;
			buildConfigurations = (
				CA4847DD28F5C65500E90EAD /* Debug */,
				CA4847DE28F5C65500E90EAD /* Release */,
			);
			defaultConfigurationIsVisible = 0;
			defaultConfigurationName = Release;
		};
/* End XCConfigurationList section */

/* Begin XCRemoteSwiftPackageReference section */
		CA429B6928F9C4A000FBF6B8 /* XCRemoteSwiftPackageReference "lottie-ios" */ = {
			isa = XCRemoteSwiftPackageReference;
			repositoryURL = "https://github.com/airbnb/lottie-ios.git";
			requirement = {
				branch = master;
				kind = branch;
			};
		};
		CA429B7128F9D9A100FBF6B8 /* XCRemoteSwiftPackageReference "FlagKit" */ = {
			isa = XCRemoteSwiftPackageReference;
			repositoryURL = "https://github.com/madebybowtie/FlagKit.git";
			requirement = {
				kind = upToNextMajorVersion;
				minimumVersion = 2.0.0;
			};
		};
		CAAA0EBD28FC948A00855568 /* XCRemoteSwiftPackageReference "Cosmos" */ = {
			isa = XCRemoteSwiftPackageReference;
			repositoryURL = "https://github.com/evgenyneu/Cosmos.git";
			requirement = {
				kind = exactVersion;
				version = 23.0.0;
			};
		};
/* End XCRemoteSwiftPackageReference section */

/* Begin XCSwiftPackageProductDependency section */
		CA429B6A28F9C4A000FBF6B8 /* Lottie */ = {
			isa = XCSwiftPackageProductDependency;
			package = CA429B6928F9C4A000FBF6B8 /* XCRemoteSwiftPackageReference "lottie-ios" */;
			productName = Lottie;
		};
		CA429B6D28F9C55300FBF6B8 /* Lottie */ = {
			isa = XCSwiftPackageProductDependency;
			package = CA429B6928F9C4A000FBF6B8 /* XCRemoteSwiftPackageReference "lottie-ios" */;
			productName = Lottie;
		};
		CA429B7228F9D9A100FBF6B8 /* FlagKit */ = {
			isa = XCSwiftPackageProductDependency;
			package = CA429B7128F9D9A100FBF6B8 /* XCRemoteSwiftPackageReference "FlagKit" */;
			productName = FlagKit;
		};
		CAAA0EBE28FC948A00855568 /* Cosmos */ = {
			isa = XCSwiftPackageProductDependency;
			package = CAAA0EBD28FC948A00855568 /* XCRemoteSwiftPackageReference "Cosmos" */;
			productName = Cosmos;
		};
/* End XCSwiftPackageProductDependency section */
	};
	rootObject = CA4847A728F5C65300E90EAD /* Project object */;
}
